
Microsoft Visual Studio Solution File, Format Version 12.00
# Visual Studio Version 17
VisualStudioVersion = 17.7.34024.191
MinimumVisualStudioVersion = 10.0.40219.1
Project("{9A19103F-16F7-4668-BE54-9A1E7A4F7556}") = "Lab1.1", "Lab1.1\Lab1.1.csproj", "{BEC19BC4-1D6C-45CB-A980-1A566FFB9D09}"
EndProject
Project("{9A19103F-16F7-4668-BE54-9A1E7A4F7556}") = "Lab1.2", "Lab1.2\Lab1.2.csproj", "{FC76A53A-3ADE-42E2-A7F7-8EEC1F6D7AF9}"
EndProject
Project("{9A19103F-16F7-4668-BE54-9A1E7A4F7556}") = "lab2", "lab2\lab2\lab2.csproj", "{FCCEAEF6-5CCF-4677-B729-D8AD7A2F7463}"
EndProject
Project("{2150E333-8FDC-42A3-9474-1A3956D46DE8}") = "Lab3-4", "Lab3-4", "{E538F463-4477-441C-9209-DB11F0CDA193}"
EndProject
Project("{FAE04EC0-301F-11D3-BF4B-00C04F79EFBC}") = "4.1", "4.1\4.1.csproj", "{BDB4AF9D-FFD1-422F-A472-717FEC2EE453}"
EndProject
Project("{FAE04EC0-301F-11D3-BF4B-00C04F79EFBC}") = "4.3", "4.3\4.3.csproj", "{5357ABD1-657B-4C64-A325-9593E2DF3828}"
EndProject
Project("{FAE04EC0-301F-11D3-BF4B-00C04F79EFBC}") = "4.4", "4.4\4.4.csproj", "{2FC7272B-94FF-431A-B738-2EBFC547AEB0}"
EndProject
Project("{2150E333-8FDC-42A3-9474-1A3956D46DE8}") = "lab1", "lab1", "{F4B55FF5-BA9E-4E38-985E-E33EDA9A3D2B}"
EndProject
Project("{2150E333-8FDC-42A3-9474-1A3956D46DE8}") = "lab 2", "lab 2", "{33EEABDB-6EFA-42E5-A66E-8B225F6F3944}"
EndProject
Project("{2150E333-8FDC-42A3-9474-1A3956D46DE8}") = "Lab 5", "Lab 5", "{8C75C03E-C7D1-48F7-88DA-53E09ACDF46F}"
EndProject
Project("{FAE04EC0-301F-11D3-BF4B-00C04F79EFBC}") = "4.2", "4.2\4.2.csproj", "{B5E685B4-0291-4FBE-8F47-ADF6C2E63961}"
EndProject
Project("{FAE04EC0-301F-11D3-BF4B-00C04F79EFBC}") = "5.1", "5.1\5.1.csproj", "{DB475F0D-7780-4413-B92B-108BABB0D6DF}"
EndProject
Project("{FAE04EC0-301F-11D3-BF4B-00C04F79EFBC}") = "5.2", "5.2\5.2.csproj", "{2678EBBF-683D-494B-8495-AFDD05B4CD47}"
EndProject
Project("{2150E333-8FDC-42A3-9474-1A3956D46DE8}") = "Lab 6", "Lab 6", "{829AA7FA-A5D4-4D83-9149-EA7C395EE932}"
EndProject
Project("{FAE04EC0-301F-11D3-BF4B-00C04F79EFBC}") = "6.1", "6.1\6.1.csproj", "{997AEC1A-C2CC-4313-B040-2135535AE680}"
EndProject
Project("{FAE04EC0-301F-11D3-BF4B-00C04F79EFBC}") = "6.2", "6.2\6.2.csproj", "{FAFDCC15-04E1-4A57-BB3B-72B13F3D9175}"
EndProject
Global
	GlobalSection(SolutionConfigurationPlatforms) = preSolution
		Debug|Any CPU = Debug|Any CPU
		Release|Any CPU = Release|Any CPU
	EndGlobalSection
	GlobalSection(ProjectConfigurationPlatforms) = postSolution
		{BEC19BC4-1D6C-45CB-A980-1A566FFB9D09}.Debug|Any CPU.ActiveCfg = Debug|Any CPU
		{BEC19BC4-1D6C-45CB-A980-1A566FFB9D09}.Debug|Any CPU.Build.0 = Debug|Any CPU
		{BEC19BC4-1D6C-45CB-A980-1A566FFB9D09}.Release|Any CPU.ActiveCfg = Release|Any CPU
		{BEC19BC4-1D6C-45CB-A980-1A566FFB9D09}.Release|Any CPU.Build.0 = Release|Any CPU
		{FC76A53A-3ADE-42E2-A7F7-8EEC1F6D7AF9}.Debug|Any CPU.ActiveCfg = Debug|Any CPU
		{FC76A53A-3ADE-42E2-A7F7-8EEC1F6D7AF9}.Debug|Any CPU.Build.0 = Debug|Any CPU
		{FC76A53A-3ADE-42E2-A7F7-8EEC1F6D7AF9}.Release|Any CPU.ActiveCfg = Release|Any CPU
		{FC76A53A-3ADE-42E2-A7F7-8EEC1F6D7AF9}.Release|Any CPU.Build.0 = Release|Any CPU
		{FCCEAEF6-5CCF-4677-B729-D8AD7A2F7463}.Debug|Any CPU.ActiveCfg = Debug|Any CPU
		{FCCEAEF6-5CCF-4677-B729-D8AD7A2F7463}.Debug|Any CPU.Build.0 = Debug|Any CPU
		{FCCEAEF6-5CCF-4677-B729-D8AD7A2F7463}.Release|Any CPU.ActiveCfg = Release|Any CPU
		{FCCEAEF6-5CCF-4677-B729-D8AD7A2F7463}.Release|Any CPU.Build.0 = Release|Any CPU
		{BDB4AF9D-FFD1-422F-A472-717FEC2EE453}.Debug|Any CPU.ActiveCfg = Debug|Any CPU
		{BDB4AF9D-FFD1-422F-A472-717FEC2EE453}.Debug|Any CPU.Build.0 = Debug|Any CPU
		{BDB4AF9D-FFD1-422F-A472-717FEC2EE453}.Release|Any CPU.ActiveCfg = Release|Any CPU
		{BDB4AF9D-FFD1-422F-A472-717FEC2EE453}.Release|Any CPU.Build.0 = Release|Any CPU
		{5357ABD1-657B-4C64-A325-9593E2DF3828}.Debug|Any CPU.ActiveCfg = Debug|Any CPU
		{5357ABD1-657B-4C64-A325-9593E2DF3828}.Debug|Any CPU.Build.0 = Debug|Any CPU
		{5357ABD1-657B-4C64-A325-9593E2DF3828}.Release|Any CPU.ActiveCfg = Release|Any CPU
		{5357ABD1-657B-4C64-A325-9593E2DF3828}.Release|Any CPU.Build.0 = Release|Any CPU
		{2FC7272B-94FF-431A-B738-2EBFC547AEB0}.Debug|Any CPU.ActiveCfg = Debug|Any CPU
		{2FC7272B-94FF-431A-B738-2EBFC547AEB0}.Debug|Any CPU.Build.0 = Debug|Any CPU
		{2FC7272B-94FF-431A-B738-2EBFC547AEB0}.Release|Any CPU.ActiveCfg = Release|Any CPU
		{2FC7272B-94FF-431A-B738-2EBFC547AEB0}.Release|Any CPU.Build.0 = Release|Any CPU
		{B5E685B4-0291-4FBE-8F47-ADF6C2E63961}.Debug|Any CPU.ActiveCfg = Debug|Any CPU
		{B5E685B4-0291-4FBE-8F47-ADF6C2E63961}.Debug|Any CPU.Build.0 = Debug|Any CPU
		{B5E685B4-0291-4FBE-8F47-ADF6C2E63961}.Release|Any CPU.ActiveCfg = Release|Any CPU
		{B5E685B4-0291-4FBE-8F47-ADF6C2E63961}.Release|Any CPU.Build.0 = Release|Any CPU
		{DB475F0D-7780-4413-B92B-108BABB0D6DF}.Debug|Any CPU.ActiveCfg = Debug|Any CPU
		{DB475F0D-7780-4413-B92B-108BABB0D6DF}.Debug|Any CPU.Build.0 = Debug|Any CPU
		{DB475F0D-7780-4413-B92B-108BABB0D6DF}.Release|Any CPU.ActiveCfg = Release|Any CPU
		{DB475F0D-7780-4413-B92B-108BABB0D6DF}.Release|Any CPU.Build.0 = Release|Any CPU
		{2678EBBF-683D-494B-8495-AFDD05B4CD47}.Debug|Any CPU.ActiveCfg = Debug|Any CPU
		{2678EBBF-683D-494B-8495-AFDD05B4CD47}.Debug|Any CPU.Build.0 = Debug|Any CPU
		{2678EBBF-683D-494B-8495-AFDD05B4CD47}.Release|Any CPU.ActiveCfg = Release|Any CPU
		{2678EBBF-683D-494B-8495-AFDD05B4CD47}.Release|Any CPU.Build.0 = Release|Any CPU
		{997AEC1A-C2CC-4313-B040-2135535AE680}.Debug|Any CPU.ActiveCfg = Debug|Any CPU
		{997AEC1A-C2CC-4313-B040-2135535AE680}.Debug|Any CPU.Build.0 = Debug|Any CPU
		{997AEC1A-C2CC-4313-B040-2135535AE680}.Release|Any CPU.ActiveCfg = Release|Any CPU
		{997AEC1A-C2CC-4313-B040-2135535AE680}.Release|Any CPU.Build.0 = Release|Any CPU
		{FAFDCC15-04E1-4A57-BB3B-72B13F3D9175}.Debug|Any CPU.ActiveCfg = Debug|Any CPU
		{FAFDCC15-04E1-4A57-BB3B-72B13F3D9175}.Debug|Any CPU.Build.0 = Debug|Any CPU
		{FAFDCC15-04E1-4A57-BB3B-72B13F3D9175}.Release|Any CPU.ActiveCfg = Release|Any CPU
		{FAFDCC15-04E1-4A57-BB3B-72B13F3D9175}.Release|Any CPU.Build.0 = Release|Any CPU
	EndGlobalSection
	GlobalSection(SolutionProperties) = preSolution
		HideSolutionNode = FALSE
	EndGlobalSection
	GlobalSection(NestedProjects) = preSolution
		{BEC19BC4-1D6C-45CB-A980-1A566FFB9D09} = {F4B55FF5-BA9E-4E38-985E-E33EDA9A3D2B}
		{FC76A53A-3ADE-42E2-A7F7-8EEC1F6D7AF9} = {F4B55FF5-BA9E-4E38-985E-E33EDA9A3D2B}
		{FCCEAEF6-5CCF-4677-B729-D8AD7A2F7463} = {33EEABDB-6EFA-42E5-A66E-8B225F6F3944}
		{BDB4AF9D-FFD1-422F-A472-717FEC2EE453} = {E538F463-4477-441C-9209-DB11F0CDA193}
		{5357ABD1-657B-4C64-A325-9593E2DF3828} = {E538F463-4477-441C-9209-DB11F0CDA193}
		{2FC7272B-94FF-431A-B738-2EBFC547AEB0} = {E538F463-4477-441C-9209-DB11F0CDA193}
		{B5E685B4-0291-4FBE-8F47-ADF6C2E63961} = {E538F463-4477-441C-9209-DB11F0CDA193}
		{DB475F0D-7780-4413-B92B-108BABB0D6DF} = {8C75C03E-C7D1-48F7-88DA-53E09ACDF46F}
		{2678EBBF-683D-494B-8495-AFDD05B4CD47} = {8C75C03E-C7D1-48F7-88DA-53E09ACDF46F}
		{997AEC1A-C2CC-4313-B040-2135535AE680} = {829AA7FA-A5D4-4D83-9149-EA7C395EE932}
		{FAFDCC15-04E1-4A57-BB3B-72B13F3D9175} = {829AA7FA-A5D4-4D83-9149-EA7C395EE932}
	EndGlobalSection
	GlobalSection(ExtensibilityGlobals) = postSolution
		SolutionGuid = {9886E644-2FA3-48E9-8824-AB6CA491CBA6}
	EndGlobalSection
EndGlobal
